dependencies:
  LIS2DW12:
    component_hash: fab8d690a6f1a5b109756225508a50dfe1f684efc2bd4f3d350480a2c3c8945b
    dependencies: []
    source:
      git: https://github.com/CircuitMess/lis2dw12-pid.git
      path: .
      type: git
    version: c8b9bda60d70753d736a4700f9a325af07c7d3e2
  LovyanGFX:
    component_hash: 0de4f2fe296403116df4f27fcc0e27efa1d1cca7346d0258f6abfaee2d054864
    dependencies: []
    source:
      git: https://github.com/lovyan03/LovyanGFX.git
      path: .
      type: git
    version: 2e0dc974a9b6521bf155afb53a9a92a623a60803
  espressif/esp_new_jpeg:
    component_hash: e1e7e6991193c41ed6c9fc386702aa7821433319e7aa9c3147cd3236310cd69c
    dependencies: []
    source:
      registry_url: https://components.espressif.com/
      type: service
    targets:
    - esp32
    - esp32s2
    - esp32s3
    - esp32s31
    - esp32p4
    - esp32c2
    - esp32c3
    - esp32c5
    - esp32c6
    - esp32c61
    - esp32h4
    version: 1.0.2
  heatshrink:
    component_hash: 9d43ee0e54233c4438a42ac4e90438e007e259c9e094345353caf930ab33d756
    dependencies:
    - name: idf
      version: '>=5'
    source:
      git: https://github.com/laride/heatshrink.git
      path: .
      type: git
    version: a0d2650edea4762ea2ba71b71a02d9ed81da1841
  idf:
    source:
      type: idf
    version: 5.5.3
  lvgl/lvgl:
    component_hash: 2409fdc84e9766d2a18afd84b051aef3f838348136cdb1c10ac2e8bcdb012bf6
    dependencies: []
    source:
      registry_url: https://components.espressif.com/
      type: service
    version: 9.2.0
direct_dependencies:
- LIS2DW12
- LovyanGFX
- espressif/esp_new_jpeg
- heatshrink
- idf
- lvgl/lvgl
manifest_hash: 129bc87d172664d21fbb217660d7a08963877993f47cd631a800d60d9c807c27
target: esp32s3
version: 2.0.0
